{
  "version": "4",
  "specifiers": {
    "jsr:@std/assert@*": "1.0.6",
    "jsr:@std/assert@1": "1.0.6",
    "jsr:@std/assert@^1.0.6": "1.0.6",
    "jsr:@std/expect@*": "1.0.5",
    "jsr:@std/internal@^1.0.4": "1.0.4",
    "npm:chai@4.5.0": "4.5.0"
  },
  "jsr": {
    "@std/assert@1.0.6": {
      "integrity": "1904c05806a25d94fe791d6d883b685c9e2dcd60e4f9fc30f4fc5cf010c72207",
      "dependencies": [
        "jsr:@std/internal"
      ]
    },
    "@std/expect@1.0.5": {
      "integrity": "8c7ac797e2ffe57becc6399c0f2fd06230cb9ef124d45229c6e592c563824af1",
      "dependencies": [
        "jsr:@std/assert@^1.0.6",
        "jsr:@std/internal"
      ]
    },
    "@std/internal@1.0.4": {
      "integrity": "62e8e4911527e5e4f307741a795c0b0a9e6958d0b3790716ae71ce085f755422"
    }
  },
  "npm": {
    "assertion-error@1.1.0": {
      "integrity": "sha512-jgsaNduz+ndvGyFt3uSuWqvy4lCnIJiovtouQN5JZHOKCS2QuhEdbcQHFhVksz2N2U9hXJo8odG7ETyWlEeuDw=="
    },
    "chai@4.5.0": {
      "integrity": "sha512-RITGBfijLkBddZvnn8jdqoTypxvqbOLYQkGGxXzeFjVHvudaPw0HNFD9x928/eUwYWd2dPCugVqspGALTZZQKw==",
      "dependencies": [
        "assertion-error",
        "check-error",
        "deep-eql",
        "get-func-name",
        "loupe",
        "pathval",
        "type-detect"
      ]
    },
    "check-error@1.0.3": {
      "integrity": "sha512-iKEoDYaRmd1mxM90a2OEfWhjsjPpYPuQ+lMYsoxB126+t8fw7ySEO48nmDg5COTjxDI65/Y2OWpeEHk3ZOe8zg==",
      "dependencies": [
        "get-func-name"
      ]
    },
    "deep-eql@4.1.4": {
      "integrity": "sha512-SUwdGfqdKOwxCPeVYjwSyRpJ7Z+fhpwIAtmCUdZIWZ/YP5R9WAsyuSgpLVDi9bjWoN2LXHNss/dk3urXtdQxGg==",
      "dependencies": [
        "type-detect"
      ]
    },
    "get-func-name@2.0.2": {
      "integrity": "sha512-8vXOvuE167CtIc3OyItco7N/dpRtBbYOsPsXCz7X/PMnlGjYjSGuZJgM1Y7mmew7BKf9BqvLX2tnOVy1BBUsxQ=="
    },
    "loupe@2.3.7": {
      "integrity": "sha512-zSMINGVYkdpYSOBmLi0D1Uo7JU9nVdQKrHxC8eYlV+9YKK9WePqAlL7lSlorG/U2Fw1w0hTBmaa/jrQ3UbPHtA==",
      "dependencies": [
        "get-func-name"
      ]
    },
    "pathval@1.1.1": {
      "integrity": "sha512-Dp6zGqpTdETdR63lehJYPeIOqpiNBNtc7BpWSLrOje7UaIsE5aY92r/AunQA7rsXvet3lrJ3JnZX29UPTKXyKQ=="
    },
    "type-detect@4.1.0": {
      "integrity": "sha512-Acylog8/luQ8L7il+geoSxhEkazvkslg7PSNKOX59mbB9cOveP5aq9h74Y7YU8yDpJwetzQQrfIwtf4Wp4LKcw=="
    }
  },
  "workspace": {
    "members": {
      "client": {
        "packageJson": {
          "dependencies": [
            "npm:@dnd-kit/core@^6.1.0",
            "npm:@eslint/js@^9.9.0",
            "npm:@tanstack/react-store@~0.5.5",
            "npm:@types/react-dom@^18.3.0",
            "npm:@types/react@^18.3.3",
            "npm:@vitejs/plugin-react@^4.3.1",
            "npm:eslint-plugin-react-hooks@^5.1.0-rc.0",
            "npm:eslint-plugin-react-refresh@~0.4.9",
            "npm:eslint@^9.9.0",
            "npm:globals@^15.9.0",
            "npm:immer@^10.1.1",
            "npm:react-dom@^18.3.1",
            "npm:react-microsoft-clarity@^1.2.0",
            "npm:react@^18.3.1",
            "npm:typescript-eslint@^8.0.1",
            "npm:typescript@^5.5.3",
            "npm:vite@^5.4.1"
          ]
        }
      },
      "engine": {
        "dependencies": [
          "jsr:@std/assert@1"
        ]
      }
    }
  }
}
